
Microsoft Visual Studio Solution File, Format Version 12.00
# Visual Studio Version 16
VisualStudioVersion = 16.0.29123.88
MinimumVisualStudioVersion = 10.0.40219.1
Project("{FAE04EC0-301F-11D3-BF4B-00C04F79EFBC}") = "SpeechToTextWeb", "SpeechToTextWeb\SpeechToTextWeb.csproj", "{FD2BC926-2CBD-46B2-ABFB-F41A7A5BBAC8}"
EndProject
Global
	GlobalSection(SolutionConfigurationPlatforms) = preSolution
		Debug|Any CPU = Debug|Any CPU
		Release|Any CPU = Release|Any CPU
	EndGlobalSection
	GlobalSection(ProjectConfigurationPlatforms) = postSolution
		{FD2BC926-2CBD-46B2-ABFB-F41A7A5BBAC8}.Debug|Any CPU.ActiveCfg = Debug|Any CPU
		{FD2BC926-2CBD-46B2-ABFB-F41A7A5BBAC8}.Debug|Any CPU.Build.0 = Debug|Any CPU
		{FD2BC926-2CBD-46B2-ABFB-F41A7A5BBAC8}.Release|Any CPU.ActiveCfg = Release|Any CPU
		{FD2BC926-2CBD-46B2-ABFB-F41A7A5BBAC8}.Release|Any CPU.Build.0 = Release|Any CPU
	EndGlobalSection
	GlobalSection(SolutionProperties) = preSolution
		HideSolutionNode = FALSE
	EndGlobalSection
	GlobalSection(ExtensibilityGlobals) = postSolution
		SolutionGuid = {150FBEDA-F9E9-4B70-A420-9E512E3FFAC8}
	EndGlobalSection
EndGlobal
